
Microsoft Visual Studio Solution File, Format Version 12.00
# Visual Studio Version 17
VisualStudioVersion = 17.14.36623.8 d17.14
MinimumVisualStudioVersion = 10.0.40219.1
Project("{FAE04EC0-301F-11D3-BF4B-00C04F79EFBC}") = "B-U1-S1-G2-ES", "B-U1-S1-G2-ES.csproj", "{9E98C01C-D901-4D21-ABD0-1F0A93BF9151}"
EndProject
Global
	GlobalSection(SolutionConfigurationPlatforms) = preSolution
		Debug|Any CPU = Debug|Any CPU
		Release|Any CPU = Release|Any CPU
	EndGlobalSection
	GlobalSection(ProjectConfigurationPlatforms) = postSolution
		{9E98C01C-D901-4D21-ABD0-1F0A93BF9151}.Debug|Any CPU.ActiveCfg = Debug|Any CPU
		{9E98C01C-D901-4D21-ABD0-1F0A93BF9151}.Debug|Any CPU.Build.0 = Debug|Any CPU
		{9E98C01C-D901-4D21-ABD0-1F0A93BF9151}.Release|Any CPU.ActiveCfg = Release|Any CPU
		{9E98C01C-D901-4D21-ABD0-1F0A93BF9151}.Release|Any CPU.Build.0 = Release|Any CPU
	EndGlobalSection
	GlobalSection(SolutionProperties) = preSolution
		HideSolutionNode = FALSE
	EndGlobalSection
	GlobalSection(ExtensibilityGlobals) = postSolution
		SolutionGuid = {24FCE6E4-203A-449A-9457-5A6E6D39BC18}
	EndGlobalSection
EndGlobal
